
Microsoft Visual Studio Solution File, Format Version 12.00
# Visual Studio Version 16
VisualStudioVersion = 16.0.30320.27
MinimumVisualStudioVersion = 10.0.40219.1
Project("{FAE04EC0-301F-11D3-BF4B-00C04F79EFBC}") = "SortedListApp", "SortedListApp\SortedListApp.csproj", "{440B4C58-9FA8-4DC6-9893-68A8FB6A5E29}"
EndProject
Global
	GlobalSection(SolutionConfigurationPlatforms) = preSolution
		Debug|Any CPU = Debug|Any CPU
		Release|Any CPU = Release|Any CPU
	EndGlobalSection
	GlobalSection(ProjectConfigurationPlatforms) = postSolution
		{440B4C58-9FA8-4DC6-9893-68A8FB6A5E29}.Debug|Any CPU.ActiveCfg = Debug|Any CPU
		{440B4C58-9FA8-4DC6-9893-68A8FB6A5E29}.Debug|Any CPU.Build.0 = Debug|Any CPU
		{440B4C58-9FA8-4DC6-9893-68A8FB6A5E29}.Release|Any CPU.ActiveCfg = Release|Any CPU
		{440B4C58-9FA8-4DC6-9893-68A8FB6A5E29}.Release|Any CPU.Build.0 = Release|Any CPU
	EndGlobalSection
	GlobalSection(SolutionProperties) = preSolution
		HideSolutionNode = FALSE
	EndGlobalSection
	GlobalSection(ExtensibilityGlobals) = postSolution
		SolutionGuid = {D2047CA7-D632-4A7D-AB81-6B5AD5CBC02B}
	EndGlobalSection
EndGlobal
